<Solution>
  <Configurations>
    <BuildType Name="Debug" />
    <BuildType Name="Release" />
    <BuildType Name="MinSizeRel" />
    <BuildType Name="RelWithDebInfo" />
    <Platform Name="x64" />
  </Configurations>
  <Project Path="hwy/hwy.vcxproj" />
  <Project Path="hwy_contrib/hwy_contrib.vcxproj" />
  <Project Path="libgemma/libgemma.vcxproj" />
  <Project Path="gemma/gemma.vcxproj" DefaultStartup="true" />
  <Project Path="gemma_api_client/gemma_api_client.vcxproj" />
  <Project Path="gemma_api_server/gemma_api_server.vcxproj" />
  <Project Path="benchmarks/benchmarks.vcxproj" />
  <Project Path="single_benchmark/single_benchmark.vcxproj" />
  <Project Path="debug_prompt/debug_prompt.vcxproj" />
  <Project Path="migrate_weights/migrate_weights.vcxproj" />
</Solution>
