<?xml version="1.0" encoding="utf-8"?>
<Project ToolsVersion="18.0" xmlns="http://schemas.microsoft.com/developer/msbuild/2003">
  <ItemGroup>
    <ClCompile Include="$(RepoRoot)compression\compress.cc">
      <Filter>Source Files</Filter>
    </ClCompile>
    <ClCompile Include="$(RepoRoot)evals\benchmark_helper.cc">
      <Filter>Source Files</Filter>
    </ClCompile>
    <ClCompile Include="$(RepoRoot)evals\cross_entropy.cc">
      <Filter>Source Files</Filter>
    </ClCompile>
    <ClCompile Include="$(RepoRoot)gemma\attention.cc">
      <Filter>Source Files</Filter>
    </ClCompile>
    <ClCompile Include="$(RepoRoot)gemma\configs.cc">
      <Filter>Source Files</Filter>
    </ClCompile>
    <ClCompile Include="$(RepoRoot)gemma\flash_attention.cc">
      <Filter>Source Files</Filter>
    </ClCompile>
    <ClCompile Include="$(RepoRoot)gemma\gemma.cc">
      <Filter>Source Files</Filter>
    </ClCompile>
    <ClCompile Include="$(RepoRoot)gemma\kv_cache.cc">
      <Filter>Source Files</Filter>
    </ClCompile>
    <ClCompile Include="$(RepoRoot)gemma\model_store.cc">
      <Filter>Source Files</Filter>
    </ClCompile>
    <ClCompile Include="$(RepoRoot)gemma\tensor_info.cc">
      <Filter>Source Files</Filter>
    </ClCompile>
    <ClCompile Include="$(RepoRoot)gemma\tokenizer.cc">
      <Filter>Source Files</Filter>
    </ClCompile>
    <ClCompile Include="$(RepoRoot)gemma\vit.cc">
      <Filter>Source Files</Filter>
    </ClCompile>
    <ClCompile Include="$(RepoRoot)gemma\weights.cc">
      <Filter>Source Files</Filter>
    </ClCompile>
    <ClCompile Include="$(RepoRoot)io\blob_store.cc">
      <Filter>Source Files</Filter>
    </ClCompile>
    <ClCompile Include="$(RepoRoot)io\fields.cc">
      <Filter>Source Files</Filter>
    </ClCompile>
    <ClCompile Include="$(RepoRoot)io\io_win.cc">
      <Filter>Source Files</Filter>
    </ClCompile>
    <ClCompile Include="$(RepoRoot)io\io.cc">
      <Filter>Source Files</Filter>
    </ClCompile>
    <ClCompile Include="$(RepoRoot)ops\matmul_static_bf16.cc">
      <Filter>Source Files</Filter>
    </ClCompile>
    <ClCompile Include="$(RepoRoot)ops\matmul_static_f32.cc">
      <Filter>Source Files</Filter>
    </ClCompile>
    <ClCompile Include="$(RepoRoot)ops\matmul_static_nuq.cc">
      <Filter>Source Files</Filter>
    </ClCompile>
    <ClCompile Include="$(RepoRoot)ops\matmul_static_sfp.cc">
      <Filter>Source Files</Filter>
    </ClCompile>
    <ClCompile Include="$(RepoRoot)ops\matmul_static_i8.cc">
      <Filter>Source Files</Filter>
    </ClCompile>
    <ClCompile Include="$(RepoRoot)ops\matmul.cc">
      <Filter>Source Files</Filter>
    </ClCompile>
    <ClCompile Include="$(RepoRoot)paligemma\image.cc">
      <Filter>Source Files</Filter>
    </ClCompile>
    <ClCompile Include="$(RepoRoot)util\allocator.cc">
      <Filter>Source Files</Filter>
    </ClCompile>
    <ClCompile Include="$(RepoRoot)util\basics.cc">
      <Filter>Source Files</Filter>
    </ClCompile>
    <ClCompile Include="$(RepoRoot)util\mat.cc">
      <Filter>Source Files</Filter>
    </ClCompile>
    <ClCompile Include="$(RepoRoot)util\threading_context.cc">
      <Filter>Source Files</Filter>
    </ClCompile>
    <ClCompile Include="$(RepoRoot)util\threading.cc">
      <Filter>Source Files</Filter>
    </ClCompile>
    <ClCompile Include="$(RepoRoot)util\topology.cc">
      <Filter>Source Files</Filter>
    </ClCompile>
    <ClCompile Include="$(RepoRoot)util\zones.cc">
      <Filter>Source Files</Filter>
    </ClCompile>
  </ItemGroup>
  <ItemGroup>
    <ClInclude Include="$(RepoRoot)compression\compress-inl.h">
      <Filter>Header Files</Filter>
    </ClInclude>
    <ClInclude Include="$(RepoRoot)compression\compress.h">
      <Filter>Header Files</Filter>
    </ClInclude>
    <ClInclude Include="$(RepoRoot)compression\nuq-inl.h">
      <Filter>Header Files</Filter>
    </ClInclude>
    <ClInclude Include="$(RepoRoot)compression\sfp-inl.h">
      <Filter>Header Files</Filter>
    </ClInclude>
    <ClInclude Include="$(RepoRoot)compression\int-inl.h">
      <Filter>Header Files</Filter>
    </ClInclude>
    <ClInclude Include="$(RepoRoot)compression\types.h">
      <Filter>Header Files</Filter>
    </ClInclude>
    <ClInclude Include="$(RepoRoot)compression\test_util-inl.h">
      <Filter>Header Files</Filter>
    </ClInclude>
    <ClInclude Include="$(RepoRoot)evals\benchmark_helper.h">
      <Filter>Header Files</Filter>
    </ClInclude>
    <ClInclude Include="$(RepoRoot)evals\cross_entropy.h">
      <Filter>Header Files</Filter>
    </ClInclude>
    <ClInclude Include="$(RepoRoot)gemma\activations.h">
      <Filter>Header Files</Filter>
    </ClInclude>
    <ClInclude Include="$(RepoRoot)gemma\attention.h">
      <Filter>Header Files</Filter>
    </ClInclude>
    <ClInclude Include="$(RepoRoot)gemma\configs.h">
      <Filter>Header Files</Filter>
    </ClInclude>
    <ClInclude Include="$(RepoRoot)gemma\flash_attention.h">
      <Filter>Header Files</Filter>
    </ClInclude>
    <ClInclude Include="$(RepoRoot)gemma\gemma_args.h">
      <Filter>Header Files</Filter>
    </ClInclude>
    <ClInclude Include="$(RepoRoot)gemma\gemma-inl.h">
      <Filter>Header Files</Filter>
    </ClInclude>
    <ClInclude Include="$(RepoRoot)gemma\compute_backend.h">
      <Filter>Header Files</Filter>
    </ClInclude>
    <ClInclude Include="$(RepoRoot)gemma\gemma.h">
      <Filter>Header Files</Filter>
    </ClInclude>
    <ClInclude Include="$(RepoRoot)gemma\kv_cache.h">
      <Filter>Header Files</Filter>
    </ClInclude>
    <ClInclude Include="$(RepoRoot)gemma\model_store.h">
      <Filter>Header Files</Filter>
    </ClInclude>
    <ClInclude Include="$(RepoRoot)gemma\tensor_info.h">
      <Filter>Header Files</Filter>
    </ClInclude>
    <ClInclude Include="$(RepoRoot)gemma\tokenizer.h">
      <Filter>Header Files</Filter>
    </ClInclude>
    <ClInclude Include="$(RepoRoot)gemma\vit.h">
      <Filter>Header Files</Filter>
    </ClInclude>
    <ClInclude Include="$(RepoRoot)gemma\weights.h">
      <Filter>Header Files</Filter>
    </ClInclude>
    <ClInclude Include="$(RepoRoot)io\blob_store.h">
      <Filter>Header Files</Filter>
    </ClInclude>
    <ClInclude Include="$(RepoRoot)io\fields.h">
      <Filter>Header Files</Filter>
    </ClInclude>
    <ClInclude Include="$(RepoRoot)io\io.h">
      <Filter>Header Files</Filter>
    </ClInclude>
    <ClInclude Include="$(RepoRoot)ops\dot-inl.h">
      <Filter>Header Files</Filter>
    </ClInclude>
    <ClInclude Include="$(RepoRoot)ops\matmul-inl.h">
      <Filter>Header Files</Filter>
    </ClInclude>
    <ClInclude Include="$(RepoRoot)ops\matmul.h">
      <Filter>Header Files</Filter>
    </ClInclude>
    <ClInclude Include="$(RepoRoot)ops\ops-inl.h">
      <Filter>Header Files</Filter>
    </ClInclude>
    <ClInclude Include="$(RepoRoot)ops\ops.h">
      <Filter>Header Files</Filter>
    </ClInclude>
    <ClInclude Include="$(RepoRoot)ops\sum-inl.h">
      <Filter>Header Files</Filter>
    </ClInclude>
    <ClInclude Include="$(RepoRoot)paligemma\image.h">
      <Filter>Header Files</Filter>
    </ClInclude>
    <ClInclude Include="$(RepoRoot)util\allocator.h">
      <Filter>Header Files</Filter>
    </ClInclude>
    <ClInclude Include="$(RepoRoot)util\basics.h">
      <Filter>Header Files</Filter>
    </ClInclude>
    <ClInclude Include="$(RepoRoot)util\mat.h">
      <Filter>Header Files</Filter>
    </ClInclude>
    <ClInclude Include="$(RepoRoot)util\test_util.h">
      <Filter>Header Files</Filter>
    </ClInclude>
    <ClInclude Include="$(RepoRoot)util\threading_context.h">
      <Filter>Header Files</Filter>
    </ClInclude>
    <ClInclude Include="$(RepoRoot)util\threading.h">
      <Filter>Header Files</Filter>
    </ClInclude>
    <ClInclude Include="$(RepoRoot)util\topology.h">
      <Filter>Header Files</Filter>
    </ClInclude>
    <ClInclude Include="$(RepoRoot)util\zones.h">
      <Filter>Header Files</Filter>
    </ClInclude>
    <ClInclude Include="$(RepoRoot)compression\distortion.h">
      <Filter>Header Files</Filter>
    </ClInclude>
    <ClInclude Include="$(RepoRoot)ops\fp_arith-inl.h">
      <Filter>Header Files</Filter>
    </ClInclude>
    <ClInclude Include="$(RepoRoot)ops\matmul_static-inl.h">
      <Filter>Header Files</Filter>
    </ClInclude>
    <ClInclude Include="$(RepoRoot)ops\matmul_static.h">
      <Filter>Header Files</Filter>
    </ClInclude>
    <ClInclude Include="$(RepoRoot)util\args.h">
      <Filter>Header Files</Filter>
    </ClInclude>
  </ItemGroup>
  <ItemGroup></ItemGroup>
  <ItemGroup>
    <Filter Include="Header Files">
      <UniqueIdentifier>{82A6D50E-ABDF-3222-A336-1CEEC9DF1F22}</UniqueIdentifier>
    </Filter>
    <Filter Include="Source Files">
      <UniqueIdentifier>{F4F6310B-0922-3E2A-8982-869C5E3D533C}</UniqueIdentifier>
    </Filter>
  </ItemGroup>
</Project>
