<?xml version="1.0" encoding="utf-8"?>
<Project ToolsVersion="18.0" xmlns="http://schemas.microsoft.com/developer/msbuild/2003">
  <ItemGroup>
    <ClCompile Include="$(RepoRoot)examples\simplified_gemma\run.cc">
      <Filter>Source Files</Filter>
    </ClCompile>
    <ClInclude Include="$(RepoRoot)examples\simplified_gemma\gemma.hpp">
      <Filter>Header Files</Filter>
    </ClInclude>
  </ItemGroup>
  <ItemGroup></ItemGroup>
  <ItemGroup>
    <Natvis Include="$(VcpkgPackageRoot)\share\nlohmann_json\nlohmann_json.natvis" />
  </ItemGroup>
  <ItemGroup>
    <Filter Include="Source Files">
      <UniqueIdentifier>{F4F6310B-0922-3E2A-8982-869C5E3D533C}</UniqueIdentifier>
    </Filter>
    <Filter Include="Header Files">
      <UniqueIdentifier>{93995380-89BD-4B04-88EB-625FBE52EBFB}</UniqueIdentifier>
    </Filter>
  </ItemGroup>
</Project>
