<?xml version="1.0" encoding="utf-8"?>
<Project ToolsVersion="18.0" xmlns="http://schemas.microsoft.com/developer/msbuild/2003">
  <ItemGroup>
    <ClCompile Include="$(RepoRoot)gemma\api_client.cc">
      <Filter>Source Files</Filter>
    </ClCompile>
  </ItemGroup>
  <ItemGroup></ItemGroup>
  <ItemGroup>
    <Natvis Include="$(GeneratedBuildRoot)vcpkg_installed\x64-windows-static-md\share\nlohmann_json\nlohmann_json.natvis" />
  </ItemGroup>
  <ItemGroup>
    <Filter Include="Source Files">
      <UniqueIdentifier>{F4F6310B-0922-3E2A-8982-869C5E3D533C}</UniqueIdentifier>
    </Filter>
  </ItemGroup>
</Project>